# THIS IS AN AUTOGENERATED FILE. DO NOT EDIT THIS FILE DIRECTLY.
# yarn lockfile v1


crypto-js@^4.1.1:
  version "4.1.1"
  resolved "https://registry.npmmirror.com/crypto-js/-/crypto-js-4.1.1.tgz#9e485bcf03521041bd85844786b83fb7619736cf"
  integrity sha512-o2JlM7ydqd3Qk9CA0L4NL6mTzU2sdx96a+oOfPu8Mkl/PK51vSyoi8/rQ8NknZtk44vq15lmhAj9CIAGwgeWKw==

dayjs@^1.10.7:
  version "1.11.5"
  resolved "https://registry.npmmirror.com/dayjs/-/dayjs-1.11.5.tgz#00e8cc627f231f9499c19b38af49f56dc0ac5e93"
  integrity sha512-CAdX5Q3YW3Gclyo5Vpqkgpj8fSdLQcRuzfX6mC6Phy0nfJ0eGYOeS7m4mt2plDWLAtA4TqTakvbboHvUxfe4iA==

tdesign-miniprogram@^0.21.2:
  version "0.21.2"
  resolved "https://registry.npmmirror.com/tdesign-miniprogram/-/tdesign-miniprogram-0.21.2.tgz#bde60bc75c2144d60a892af6c96cc846425014aa"
  integrity sha512-kvP1hVg9K871epciw8nht5DZcQqTFxmQ5czSwLm7kLXqBYAnq7vF5cj+gbE1/6FYS6c7ENaDvVY+lr2Wnl90ag==
  dependencies:
    dayjs "^1.10.7"
